
Microsoft Visual Studio Solution File, Format Version 12.00
# Visual Studio Version 16
VisualStudioVersion = 16.0.30204.135
MinimumVisualStudioVersion = 10.0.40219.1
Project("{FAE04EC0-301F-11D3-BF4B-00C04F79EFBC}") = "Angular.Docker.AKS", "Angular.Docker.AKS.csproj", "{AD42941D-4A00-4A69-B723-EDAC3EED71B8}"
EndProject
Global
	GlobalSection(SolutionConfigurationPlatforms) = preSolution
		Debug|Any CPU = Debug|Any CPU
		Release|Any CPU = Release|Any CPU
	EndGlobalSection
	GlobalSection(ProjectConfigurationPlatforms) = postSolution
		{AD42941D-4A00-4A69-B723-EDAC3EED71B8}.Debug|Any CPU.ActiveCfg = Debug|Any CPU
		{AD42941D-4A00-4A69-B723-EDAC3EED71B8}.Debug|Any CPU.Build.0 = Debug|Any CPU
		{AD42941D-4A00-4A69-B723-EDAC3EED71B8}.Release|Any CPU.ActiveCfg = Release|Any CPU
		{AD42941D-4A00-4A69-B723-EDAC3EED71B8}.Release|Any CPU.Build.0 = Release|Any CPU
	EndGlobalSection
	GlobalSection(SolutionProperties) = preSolution
		HideSolutionNode = FALSE
	EndGlobalSection
	GlobalSection(ExtensibilityGlobals) = postSolution
		SolutionGuid = {08DE7266-8A47-41B2-9FA6-D1CA134402E7}
	EndGlobalSection
EndGlobal
